<?xml version="1.0" encoding="utf-8"?>
<Project ToolsVersion="4.0" xmlns="http://schemas.microsoft.com/developer/msbuild/2003">
  <ItemGroup>
    <Filter Include="Source Files">
      <UniqueIdentifier>{4FC737F1-C7A5-4376-A066-2A32D752A2FF}</UniqueIdentifier>
      <Extensions>cpp;c;cc;cxx;c++;cppm;ixx;def;odl;idl;hpj;bat;asm;asmx</Extensions>
    </Filter>
    <Filter Include="Header Files">
      <UniqueIdentifier>{93995380-89BD-4b04-88EB-625FBE52EBFB}</UniqueIdentifier>
      <Extensions>h;hh;hpp;hxx;h++;hm;inl;inc;ipp;xsd</Extensions>
    </Filter>
    <Filter Include="Resource Files">
      <UniqueIdentifier>{67DA6AB6-F800-4c08-8B7A-83BB121AAD01}</UniqueIdentifier>
      <Extensions>rc;ico;cur;bmp;dlg;rc2;rct;bin;rgs;gif;jpg;jpeg;jpe;resx;tiff;tif;png;wav;mfcribbon-ms</Extensions>
    </Filter>
  </ItemGroup>
  <ItemGroup>
    <Image Include="resources\small.ico">
      <Filter>Resource Files</Filter>
    </Image>
    <Image Include="resources\Saturn Engine.ico">
      <Filter>Resource Files</Filter>
    </Image>
  </ItemGroup>
  <ItemGroup>
    <ClCompile Include="src\WinMain.cpp">
      <Filter>Source Files</Filter>
    </ClCompile>
    <ClCompile Include="src\SystemClass.cpp">
      <Filter>Source Files</Filter>
    </ClCompile>
    <ClCompile Include="src\InputClass.cpp">
      <Filter>Source Files</Filter>
    </ClCompile>
    <ClCompile Include="src\ApplicationClass.cpp">
      <Filter>Source Files</Filter>
    </ClCompile>
    <ClCompile Include="src\ColorsShaderClass.cpp">
      <Filter>Source Files</Filter>
    </ClCompile>
    <ClCompile Include="src\ModelClass.cpp">
      <Filter>Source Files</Filter>
    </ClCompile>
    <ClCompile Include="src\CameraClass.cpp">
      <Filter>Source Files</Filter>
    </ClCompile>
    <ClCompile Include="src\D3dClass.cpp">
      <Filter>Source Files</Filter>
    </ClCompile>
    <ClCompile Include="src\TextureShaderClass.cpp">
      <Filter>Source Files</Filter>
    </ClCompile>
    <ClCompile Include="src\TextureClass.cpp">
      <Filter>Source Files</Filter>
    </ClCompile>
    <ClCompile Include="src\LightShaderClass.cpp">
      <Filter>Source Files</Filter>
    </ClCompile>
    <ClCompile Include="src\LightClass.cpp">
      <Filter>Source Files</Filter>
    </ClCompile>
    <ClCompile Include="src\FontClass.cpp">
      <Filter>Source Files</Filter>
    </ClCompile>
    <ClCompile Include="src\FontShaderClass.cpp">
      <Filter>Source Files</Filter>
    </ClCompile>
    <ClCompile Include="src\TextClass.cpp">
      <Filter>Source Files</Filter>
    </ClCompile>
    <ClCompile Include="src\FpsClass.cpp">
      <Filter>Source Files</Filter>
    </ClCompile>
    <ClCompile Include="src\ShaderManagerClass.cpp">
      <Filter>Source Files</Filter>
    </ClCompile>
    <ClCompile Include="imGui\imgui.cpp">
      <Filter>Source Files</Filter>
    </ClCompile>
    <ClCompile Include="imGui\imgui_demo.cpp">
      <Filter>Source Files</Filter>
    </ClCompile>
    <ClCompile Include="imGui\imgui_draw.cpp">
      <Filter>Source Files</Filter>
    </ClCompile>
    <ClCompile Include="imGui\imgui_impl_dx11.cpp">
      <Filter>Source Files</Filter>
    </ClCompile>
    <ClCompile Include="imGui\imgui_impl_win32.cpp">
      <Filter>Source Files</Filter>
    </ClCompile>
    <ClCompile Include="imGui\imgui_tables.cpp">
      <Filter>Source Files</Filter>
    </ClCompile>
    <ClCompile Include="imGui\imgui_widgets.cpp">
      <Filter>Source Files</Filter>
    </ClCompile>
    <ClCompile Include="src\ImGuiClass.cpp">
      <Filter>Source Files</Filter>
    </ClCompile>
    <ClCompile Include="src\PositionClass.cpp">
      <Filter>Source Files</Filter>
    </ClCompile>
    <ClCompile Include="src\TimerClass.cpp">
      <Filter>Source Files</Filter>
    </ClCompile>
    <ClCompile Include="src\NormalMapShaderClass.cpp">
      <Filter>Source Files</Filter>
    </ClCompile>
    <ClCompile Include="src\SceneClass.cpp">
      <Filter>Source Files</Filter>
    </ClCompile>
    <ClCompile Include="src\TerrainClass.cpp">
      <Filter>Source Files</Filter>
    </ClCompile>
    <ClCompile Include="src\SkydomeClass.cpp">
      <Filter>Source Files</Filter>
    </ClCompile>
    <ClCompile Include="src\SkydomeShaderClass.cpp">
      <Filter>Source Files</Filter>
    </ClCompile>
  </ItemGroup>
  <ItemGroup>
    <ClInclude Include="src\header\SystemClass.h">
      <Filter>Header Files</Filter>
    </ClInclude>
    <ClInclude Include="src\header\InputClass.h">
      <Filter>Header Files</Filter>
    </ClInclude>
    <ClInclude Include="src\header\ApplicationClass.h">
      <Filter>Header Files</Filter>
    </ClInclude>
    <ClInclude Include="src\header\ColorsShaderClass.h">
      <Filter>Header Files</Filter>
    </ClInclude>
    <ClInclude Include="src\header\ModelClass.h">
      <Filter>Header Files</Filter>
    </ClInclude>
    <ClInclude Include="src\header\CameraClass.h">
      <Filter>Header Files</Filter>
    </ClInclude>
    <ClInclude Include="src\header\D3dClass.h">
      <Filter>Header Files</Filter>
    </ClInclude>
    <ClInclude Include="src\header\TextureShaderClass.h">
      <Filter>Header Files</Filter>
    </ClInclude>
    <ClInclude Include="src\header\TextureClass.h">
      <Filter>Header Files</Filter>
    </ClInclude>
    <ClInclude Include="src\header\LightShaderClass.h">
      <Filter>Header Files</Filter>
    </ClInclude>
    <ClInclude Include="src\header\LightClass.h">
      <Filter>Header Files</Filter>
    </ClInclude>
    <ClInclude Include="src\header\FontClass.h">
      <Filter>Header Files</Filter>
    </ClInclude>
    <ClInclude Include="src\header\FontShaderClass.h">
      <Filter>Header Files</Filter>
    </ClInclude>
    <ClInclude Include="src\header\TextClass.h">
      <Filter>Header Files</Filter>
    </ClInclude>
    <ClInclude Include="src\header\FpsClass.h">
      <Filter>Header Files</Filter>
    </ClInclude>
    <ClInclude Include="src\header\ShaderManagerClass.h">
      <Filter>Header Files</Filter>
    </ClInclude>
    <ClInclude Include="imGui\imconfig.h">
      <Filter>Header Files</Filter>
    </ClInclude>
    <ClInclude Include="imGui\imgui.h">
      <Filter>Header Files</Filter>
    </ClInclude>
    <ClInclude Include="imGui\imgui_impl_dx11.h">
      <Filter>Header Files</Filter>
    </ClInclude>
    <ClInclude Include="imGui\imgui_impl_win32.h">
      <Filter>Header Files</Filter>
    </ClInclude>
    <ClInclude Include="imGui\imgui_internal.h">
      <Filter>Header Files</Filter>
    </ClInclude>
    <ClInclude Include="imGui\imstb_rectpack.h">
      <Filter>Header Files</Filter>
    </ClInclude>
    <ClInclude Include="imGui\imstb_textedit.h">
      <Filter>Header Files</Filter>
    </ClInclude>
    <ClInclude Include="imGui\imstb_truetype.h">
      <Filter>Header Files</Filter>
    </ClInclude>
    <ClInclude Include="src\header\ImGuiClass.h">
      <Filter>Header Files</Filter>
    </ClInclude>
    <ClInclude Include="src\header\PositionClass.h">
      <Filter>Header Files</Filter>
    </ClInclude>
    <ClInclude Include="src\header\TimerClass.h">
      <Filter>Header Files</Filter>
    </ClInclude>
    <ClInclude Include="src\header\NormalMapShaderClass.h">
      <Filter>Header Files</Filter>
    </ClInclude>
    <ClInclude Include="src\header\SceneClass.h">
      <Filter>Header Files</Filter>
    </ClInclude>
    <ClInclude Include="src\header\TerrainClass.h">
      <Filter>Header Files</Filter>
    </ClInclude>
    <ClInclude Include="src\header\SkydomeClass.h">
      <Filter>Header Files</Filter>
    </ClInclude>
    <ClInclude Include="src\header\SkydomeShaderClass.h">
      <Filter>Header Files</Filter>
    </ClInclude>
  </ItemGroup>
  <ItemGroup>
    <None Include="src\HLSL\colorVertexShader.hlsl" />
    <None Include="src\HLSL\colorPixelShader.hlsl" />
    <None Include="src\HLSL\textureVertexShader.hlsl" />
    <None Include="src\HLSL\texturePixelShader.hlsl" />
    <None Include="src\HLSL\lightVertexShader.hlsl" />
    <None Include="src\HLSL\lightPixelShader.hlsl" />
    <None Include="src\HLSL\fontVertexShader.hlsl" />
    <None Include="src\HLSL\fontPixelShader.hlsl" />
    <None Include="src\HLSL\normalMapPixelShader.hlsl" />
    <None Include="src\HLSL\normalMapVertexShader.hlsl" />
    <None Include="src\HLSL\skydomeVertexShader.hlsl" />
    <None Include="src\HLSL\skydomePixelShader.hlsl" />
  </ItemGroup>
</Project>